// !$*UTF8*$!
{
	archiveVersion = 1;
	classes = {
	};
	objectVersion = 50;
	objects = {

/* Begin PBXBuildFile section */
		D20681BF233AEB23003BCBC9 /* HomeHostingController.swift in Sources */ = {isa = PBXBuildFile; fileRef = D20681BE233AEB23003BCBC9 /* HomeHostingController.swift */; };
		D20681C7233AEBC1003BCBC9 /* HomeView.swift in Sources */ = {isa = PBXBuildFile; fileRef = D20681C6233AEBC1003BCBC9 /* HomeView.swift */; };
		D20681C9233BC9A0003BCBC9 /* MatchSettingsDataManager.swift in Sources */ = {isa = PBXBuildFile; fileRef = D20681C8233BC9A0003BCBC9 /* MatchSettingsDataManager.swift */; };
		D20681CB233BECE3003BCBC9 /* HomeDataManager.swift in Sources */ = {isa = PBXBuildFile; fileRef = D20681CA233BECE3003BCBC9 /* HomeDataManager.swift */; };
		D2088BE223182FA100C99619 /* LandingView.swift in Sources */ = {isa = PBXBuildFile; fileRef = D2088BE123182FA100C99619 /* LandingView.swift */; };
		D2088BE72318365400C99619 /* LandingHostingController.swift in Sources */ = {isa = PBXBuildFile; fileRef = D2088BE62318365400C99619 /* LandingHostingController.swift */; };
		D21C80152333D71F00CC871B /* Localizable.strings in Resources */ = {isa = PBXBuildFile; fileRef = D29FE9572333B77400327FE3 /* Localizable.strings */; };
		D234EE5A2311F72C00935C66 /* HealthKit.framework in Frameworks */ = {isa = PBXBuildFile; fileRef = D234EE592311F72C00935C66 /* HealthKit.framework */; };
		D234EE5F2312E3BF00935C66 /* ActiveWorkoutView.swift in Sources */ = {isa = PBXBuildFile; fileRef = D234EE5E2312E3BF00935C66 /* ActiveWorkoutView.swift */; };
		D234EE612313158900935C66 /* ActiveWorkoutHostingController.swift in Sources */ = {isa = PBXBuildFile; fileRef = D234EE602313158900935C66 /* ActiveWorkoutHostingController.swift */; };
		D234EE6323131C9900935C66 /* WorkoutManager.swift in Sources */ = {isa = PBXBuildFile; fileRef = D234EE6223131C9900935C66 /* WorkoutManager.swift */; };
		D234EE6523131EAE00935C66 /* WorkoutSession.swift in Sources */ = {isa = PBXBuildFile; fileRef = D234EE6423131EAE00935C66 /* WorkoutSession.swift */; };
		D23A429D2318B1C1008D1D61 /* LoadingView.swift in Sources */ = {isa = PBXBuildFile; fileRef = D23A429C2318B1C1008D1D61 /* LoadingView.swift */; };
		D23A429F2318B410008D1D61 /* Loader.swift in Sources */ = {isa = PBXBuildFile; fileRef = D23A429E2318B410008D1D61 /* Loader.swift */; };
		D241D0B222EB39FB001C4AC8 /* Match.swift in Sources */ = {isa = PBXBuildFile; fileRef = D241D0B122EB39FB001C4AC8 /* Match.swift */; };
		D241D0B422EB3A65001C4AC8 /* Player.swift in Sources */ = {isa = PBXBuildFile; fileRef = D241D0B322EB3A65001C4AC8 /* Player.swift */; };
		D262D91B232D793D0092E105 /* SignInWithAppleButton.swift in Sources */ = {isa = PBXBuildFile; fileRef = D262D91A232D793D0092E105 /* SignInWithAppleButton.swift */; };
		D2856FD7230C9515008D8450 /* Date+Formatter.swift in Sources */ = {isa = PBXBuildFile; fileRef = D2856FD6230C9515008D8450 /* Date+Formatter.swift */; };
		D2856FDE230CDE83008D8450 /* ActiveMatchScoreView.swift in Sources */ = {isa = PBXBuildFile; fileRef = D2856FDD230CDE83008D8450 /* ActiveMatchScoreView.swift */; };
		D2921AAF2315655400985631 /* WorkoutHeartView.swift in Sources */ = {isa = PBXBuildFile; fileRef = D2921AAE2315655400985631 /* WorkoutHeartView.swift */; };
		D2966F94233AC377005AE7C1 /* SettingsView.swift in Sources */ = {isa = PBXBuildFile; fileRef = D2966F93233AC377005AE7C1 /* SettingsView.swift */; };
		D2966F9C233AEA51005AE7C1 /* SettingsHostingController.swift in Sources */ = {isa = PBXBuildFile; fileRef = D2966F9B233AEA51005AE7C1 /* SettingsHostingController.swift */; };
		D29FE9552333B77400327FE3 /* Localizable.strings in Resources */ = {isa = PBXBuildFile; fileRef = D29FE9572333B77400327FE3 /* Localizable.strings */; };
		D29FE95A2333BAAB00327FE3 /* Constants.swift in Sources */ = {isa = PBXBuildFile; fileRef = D29FE9592333BAAB00327FE3 /* Constants.swift */; };
		D29FE95C2333BEA800327FE3 /* StringConstants.swift in Sources */ = {isa = PBXBuildFile; fileRef = D29FE95B2333BEA800327FE3 /* StringConstants.swift */; };
		D29FE95E2333BED400327FE3 /* LocalizationKeys.swift in Sources */ = {isa = PBXBuildFile; fileRef = D29FE95D2333BED400327FE3 /* LocalizationKeys.swift */; };
		D2A23BAC230EC56700A5ABC8 /* ScoreboardView.swift in Sources */ = {isa = PBXBuildFile; fileRef = D2A23BAB230EC56700A5ABC8 /* ScoreboardView.swift */; };
		D2A4D1EF22FA09780032019D /* MatchDetailView.swift in Sources */ = {isa = PBXBuildFile; fileRef = D2A4D1EE22FA09780032019D /* MatchDetailView.swift */; };
		D2A4D1F922FB03840032019D /* MatchHistoryDataManager.swift in Sources */ = {isa = PBXBuildFile; fileRef = D2A4D1F822FB03840032019D /* MatchHistoryDataManager.swift */; };
		D2A7DC7B231857A200150A98 /* String+Validator.swift in Sources */ = {isa = PBXBuildFile; fileRef = D2A7DC7A231857A200150A98 /* String+Validator.swift */; };
		D2A7DC7D23185B8900150A98 /* SignUpDataManager.swift in Sources */ = {isa = PBXBuildFile; fileRef = D2A7DC7C23185B8900150A98 /* SignUpDataManager.swift */; };
		D2A7DC8C2318701F00150A98 /* TopSpinApi.swift in Sources */ = {isa = PBXBuildFile; fileRef = D2A7DC8B2318701F00150A98 /* TopSpinApi.swift */; };
		D2A7DCF1231872DE00150A98 /* User.swift in Sources */ = {isa = PBXBuildFile; fileRef = D2A7DCF0231872DE00150A98 /* User.swift */; };
		D2A7DCF32318746B00150A98 /* APIConstants.swift in Sources */ = {isa = PBXBuildFile; fileRef = D2A7DCF22318746B00150A98 /* APIConstants.swift */; };
		D2A7DCF92318767C00150A98 /* BundleUtil.swift in Sources */ = {isa = PBXBuildFile; fileRef = D2A7DCF82318767C00150A98 /* BundleUtil.swift */; };
		D2A7DCFB231876F100150A98 /* ExtensionDelegate+Configuration.swift in Sources */ = {isa = PBXBuildFile; fileRef = D2A7DCFA231876F100150A98 /* ExtensionDelegate+Configuration.swift */; };
		D2A7DD012318790800150A98 /* RallyWatch.framework in Frameworks */ = {isa = PBXBuildFile; fileRef = D2EF3F8B22F5F7C600BBF154 /* RallyWatch.framework */; };
		D2A7DD022318790800150A98 /* RallyWatch.framework in Embed Frameworks */ = {isa = PBXBuildFile; fileRef = D2EF3F8B22F5F7C600BBF154 /* RallyWatch.framework */; settings = {ATTRIBUTES = (CodeSignOnCopy, RemoveHeadersOnCopy, ); }; };
		D2A7DD042318790B00150A98 /* RocketWatch.framework in Frameworks */ = {isa = PBXBuildFile; fileRef = D2A7DCDC231871E700150A98 /* RocketWatch.framework */; };
		D2A7DD052318790B00150A98 /* RocketWatch.framework in Embed Frameworks */ = {isa = PBXBuildFile; fileRef = D2A7DCDC231871E700150A98 /* RocketWatch.framework */; settings = {ATTRIBUTES = (CodeSignOnCopy, RemoveHeadersOnCopy, ); }; };
		D2AD1426232AB03B007B765F /* Interface.storyboard in Resources */ = {isa = PBXBuildFile; fileRef = D2FD221222E8F6CB00D6075D /* Interface.storyboard */; };
		D2AD142D232AB25E007B765F /* Interface.storyboard in Resources */ = {isa = PBXBuildFile; fileRef = D2FD221222E8F6CB00D6075D /* Interface.storyboard */; };
		D2C2C955231E059100F3CB8E /* Array+Difference.swift in Sources */ = {isa = PBXBuildFile; fileRef = D2C2C954231E059100F3CB8E /* Array+Difference.swift */; };
		D2DFC31D22F1C57C00FE96AB /* MatchHistoryHostingController.swift in Sources */ = {isa = PBXBuildFile; fileRef = D2DFC31C22F1C57C00FE96AB /* MatchHistoryHostingController.swift */; };
		D2DFC31F22F1C6E000FE96AB /* MatchSetupView.swift in Sources */ = {isa = PBXBuildFile; fileRef = D2DFC31E22F1C6E000FE96AB /* MatchSetupView.swift */; };
		D2DFC32322F1DA1E00FE96AB /* MatchSetting.swift in Sources */ = {isa = PBXBuildFile; fileRef = D2DFC32222F1DA1E00FE96AB /* MatchSetting.swift */; };
		D2DFC32C22F1F63B00FE96AB /* SignUpInterfaceController.swift in Sources */ = {isa = PBXBuildFile; fileRef = D2DFC32B22F1F63B00FE96AB /* SignUpInterfaceController.swift */; };
		D2E1131822F083E500D4D67D /* MatchHistoryListItem.swift in Sources */ = {isa = PBXBuildFile; fileRef = D2E1131722F083E500D4D67D /* MatchHistoryListItem.swift */; };
		D2E1131922F0849900D4D67D /* MatchHistoryView.swift in Sources */ = {isa = PBXBuildFile; fileRef = D2E1131622F083C900D4D67D /* MatchHistoryView.swift */; };
		D2EB07E0230C7DA400741A95 /* UserDefaultsManager.swift in Sources */ = {isa = PBXBuildFile; fileRef = D2EB07DF230C7DA400741A95 /* UserDefaultsManager.swift */; };
		D2EB07E2230C841400741A95 /* SaveMatchDataManager.swift in Sources */ = {isa = PBXBuildFile; fileRef = D2EB07E1230C841400741A95 /* SaveMatchDataManager.swift */; };
		D2FD220E22E8F6CB00D6075D /* TopSpin.app in Embed Watch Content */ = {isa = PBXBuildFile; fileRef = D2FD220D22E8F6CB00D6075D /* TopSpin.app */; settings = {ATTRIBUTES = (RemoveHeadersOnCopy, ); }; };
		D2FD221622E8F6CF00D6075D /* Assets.xcassets in Resources */ = {isa = PBXBuildFile; fileRef = D2FD221522E8F6CF00D6075D /* Assets.xcassets */; };
		D2FD221D22E8F6CF00D6075D /* TopSpin Extension.appex in Embed App Extensions */ = {isa = PBXBuildFile; fileRef = D2FD221C22E8F6CF00D6075D /* TopSpin Extension.appex */; settings = {ATTRIBUTES = (RemoveHeadersOnCopy, ); }; };
		D2FD222222E8F6CF00D6075D /* ActiveGameView.swift in Sources */ = {isa = PBXBuildFile; fileRef = D2FD222122E8F6CF00D6075D /* ActiveGameView.swift */; };
		D2FD222422E8F6CF00D6075D /* ActiveMatchHostingController.swift in Sources */ = {isa = PBXBuildFile; fileRef = D2FD222322E8F6CF00D6075D /* ActiveMatchHostingController.swift */; };
		D2FD222622E8F6CF00D6075D /* ExtensionDelegate.swift in Sources */ = {isa = PBXBuildFile; fileRef = D2FD222522E8F6CF00D6075D /* ExtensionDelegate.swift */; };
		D2FD222822E8F6CF00D6075D /* ComplicationController.swift in Sources */ = {isa = PBXBuildFile; fileRef = D2FD222722E8F6CF00D6075D /* ComplicationController.swift */; };
		D2FD222A22E8F6D000D6075D /* Assets.xcassets in Resources */ = {isa = PBXBuildFile; fileRef = D2FD222922E8F6D000D6075D /* Assets.xcassets */; };
		D2FD222D22E8F6D000D6075D /* Preview Assets.xcassets in Resources */ = {isa = PBXBuildFile; fileRef = D2FD222C22E8F6D000D6075D /* Preview Assets.xcassets */; };
/* End PBXBuildFile section */

/* Begin PBXContainerItemProxy section */
		D2A7DCD7231871E700150A98 /* PBXContainerItemProxy */ = {
			isa = PBXContainerItemProxy;
			containerPortal = D2A7DCD1231871E700150A98 /* RocketNetworking.xcodeproj */;
			proxyType = 2;
			remoteGlobalIDString = D23FE98421FCD91800EC0EB5;
			remoteInfo = RocketNetworking;
		};
		D2A7DCD9231871E700150A98 /* PBXContainerItemProxy */ = {
			isa = PBXContainerItemProxy;
			containerPortal = D2A7DCD1231871E700150A98 /* RocketNetworking.xcodeproj */;
			proxyType = 2;
			remoteGlobalIDString = D23FE98D21FCD91800EC0EB5;
			remoteInfo = RocketNetworkingTests;
		};
		D2A7DCDB231871E700150A98 /* PBXContainerItemProxy */ = {
			isa = PBXContainerItemProxy;
			containerPortal = D2A7DCD1231871E700150A98 /* RocketNetworking.xcodeproj */;
			proxyType = 2;
			remoteGlobalIDString = D2A7DCC22318714700150A98;
			remoteInfo = RocketWatch;
		};
		D2EF3F8622F5F7C600BBF154 /* PBXContainerItemProxy */ = {
			isa = PBXContainerItemProxy;
			containerPortal = D2EF3F8022F5F7C600BBF154 /* Rally.xcodeproj */;
			proxyType = 2;
			remoteGlobalIDString = D23326DF22F3221E006BB18D;
			remoteInfo = Rally;
		};
		D2EF3F8822F5F7C600BBF154 /* PBXContainerItemProxy */ = {
			isa = PBXContainerItemProxy;
			containerPortal = D2EF3F8022F5F7C600BBF154 /* Rally.xcodeproj */;
			proxyType = 2;
			remoteGlobalIDString = D23326E822F3221E006BB18D;
			remoteInfo = RallyTests;
		};
		D2EF3F8A22F5F7C600BBF154 /* PBXContainerItemProxy */ = {
			isa = PBXContainerItemProxy;
			containerPortal = D2EF3F8022F5F7C600BBF154 /* Rally.xcodeproj */;
			proxyType = 2;
			remoteGlobalIDString = D2F3CCDF22F4B4E9009432B8;
			remoteInfo = RallyWatch;
		};
		D2FD220F22E8F6CB00D6075D /* PBXContainerItemProxy */ = {
			isa = PBXContainerItemProxy;
			containerPortal = D2FD220322E8F6CB00D6075D /* Project object */;
			proxyType = 1;
			remoteGlobalIDString = D2FD220C22E8F6CB00D6075D;
			remoteInfo = "TopSpin WatchKit App";
		};
		D2FD221E22E8F6CF00D6075D /* PBXContainerItemProxy */ = {
			isa = PBXContainerItemProxy;
			containerPortal = D2FD220322E8F6CB00D6075D /* Project object */;
			proxyType = 1;
			remoteGlobalIDString = D2FD221B22E8F6CF00D6075D;
			remoteInfo = "TopSpin WatchKit Extension";
		};
/* End PBXContainerItemProxy section */

/* Begin PBXCopyFilesBuildPhase section */
		D2A7DD032318790800150A98 /* Embed Frameworks */ = {
			isa = PBXCopyFilesBuildPhase;
			buildActionMask = 12;
			dstPath = "";
			dstSubfolderSpec = 10;
			files = (
				D2A7DD052318790B00150A98 /* RocketWatch.framework in Embed Frameworks */,
				D2A7DD022318790800150A98 /* RallyWatch.framework in Embed Frameworks */,
			);
			name = "Embed Frameworks";
			runOnlyForDeploymentPostprocessing = 0;
		};
		D2FD223422E8F6D000D6075D /* Embed App Extensions */ = {
			isa = PBXCopyFilesBuildPhase;
			buildActionMask = 2147483647;
			dstPath = "";
			dstSubfolderSpec = 13;
			files = (
				D2FD221D22E8F6CF00D6075D /* TopSpin Extension.appex in Embed App Extensions */,
			);
			name = "Embed App Extensions";
			runOnlyForDeploymentPostprocessing = 0;
		};
		D2FD223822E8F6D000D6075D /* Embed Watch Content */ = {
			isa = PBXCopyFilesBuildPhase;
			buildActionMask = 2147483647;
			dstPath = "$(CONTENTS_FOLDER_PATH)/Watch";
			dstSubfolderSpec = 16;
			files = (
				D2FD220E22E8F6CB00D6075D /* TopSpin.app in Embed Watch Content */,
			);
			name = "Embed Watch Content";
			runOnlyForDeploymentPostprocessing = 0;
		};
/* End PBXCopyFilesBuildPhase section */

/* Begin PBXFileReference section */
		D20681BE233AEB23003BCBC9 /* HomeHostingController.swift */ = {isa = PBXFileReference; lastKnownFileType = sourcecode.swift; path = HomeHostingController.swift; sourceTree = "<group>"; };
		D20681C6233AEBC1003BCBC9 /* HomeView.swift */ = {isa = PBXFileReference; lastKnownFileType = sourcecode.swift; path = HomeView.swift; sourceTree = "<group>"; };
		D20681C8233BC9A0003BCBC9 /* MatchSettingsDataManager.swift */ = {isa = PBXFileReference; lastKnownFileType = sourcecode.swift; path = MatchSettingsDataManager.swift; sourceTree = "<group>"; };
		D20681CA233BECE3003BCBC9 /* HomeDataManager.swift */ = {isa = PBXFileReference; lastKnownFileType = sourcecode.swift; path = HomeDataManager.swift; sourceTree = "<group>"; };
		D2088BE123182FA100C99619 /* LandingView.swift */ = {isa = PBXFileReference; lastKnownFileType = sourcecode.swift; path = LandingView.swift; sourceTree = "<group>"; };
		D2088BE62318365400C99619 /* LandingHostingController.swift */ = {isa = PBXFileReference; lastKnownFileType = sourcecode.swift; path = LandingHostingController.swift; sourceTree = "<group>"; };
		D21C80172333DA1900CC871B /* zh-Hans */ = {isa = PBXFileReference; lastKnownFileType = text.plist.strings; name = "zh-Hans"; path = "zh-Hans.lproj/Localizable.strings"; sourceTree = "<group>"; };
		D21C801A2333DA9700CC871B /* zh-Hans */ = {isa = PBXFileReference; lastKnownFileType = text.plist.strings; name = "zh-Hans"; path = "zh-Hans.lproj/Interface.strings"; sourceTree = "<group>"; };
		D21C801B2333DAC100CC871B /* en */ = {isa = PBXFileReference; lastKnownFileType = text.plist.strings; name = en; path = en.lproj/Interface.strings; sourceTree = "<group>"; };
		D21C801C2333DE7900CC871B /* de */ = {isa = PBXFileReference; lastKnownFileType = text.plist.strings; name = de; path = de.lproj/Interface.strings; sourceTree = "<group>"; };
		D21C801D2333DE7900CC871B /* de */ = {isa = PBXFileReference; lastKnownFileType = text.plist.strings; name = de; path = de.lproj/Localizable.strings; sourceTree = "<group>"; };
		D234EE592311F72C00935C66 /* HealthKit.framework */ = {isa = PBXFileReference; lastKnownFileType = wrapper.framework; name = HealthKit.framework; path = Platforms/WatchOS.platform/Developer/SDKs/WatchOS6.0.sdk/System/Library/Frameworks/HealthKit.framework; sourceTree = DEVELOPER_DIR; };
		D234EE5E2312E3BF00935C66 /* ActiveWorkoutView.swift */ = {isa = PBXFileReference; lastKnownFileType = sourcecode.swift; path = ActiveWorkoutView.swift; sourceTree = "<group>"; };
		D234EE602313158900935C66 /* ActiveWorkoutHostingController.swift */ = {isa = PBXFileReference; lastKnownFileType = sourcecode.swift; path = ActiveWorkoutHostingController.swift; sourceTree = "<group>"; };
		D234EE6223131C9900935C66 /* WorkoutManager.swift */ = {isa = PBXFileReference; lastKnownFileType = sourcecode.swift; path = WorkoutManager.swift; sourceTree = "<group>"; };
		D234EE6423131EAE00935C66 /* WorkoutSession.swift */ = {isa = PBXFileReference; lastKnownFileType = sourcecode.swift; path = WorkoutSession.swift; sourceTree = "<group>"; };
		D23A429C2318B1C1008D1D61 /* LoadingView.swift */ = {isa = PBXFileReference; lastKnownFileType = sourcecode.swift; path = LoadingView.swift; sourceTree = "<group>"; };
		D23A429E2318B410008D1D61 /* Loader.swift */ = {isa = PBXFileReference; lastKnownFileType = sourcecode.swift; path = Loader.swift; sourceTree = "<group>"; };
		D241D0B122EB39FB001C4AC8 /* Match.swift */ = {isa = PBXFileReference; lastKnownFileType = sourcecode.swift; name = Match.swift; path = "../../../../../System/Volumes/Data/Users/willbrandin/TopSpin/TopSpin WatchKit Extension/Model/Match.swift"; sourceTree = "<group>"; };
		D241D0B322EB3A65001C4AC8 /* Player.swift */ = {isa = PBXFileReference; lastKnownFileType = sourcecode.swift; name = Player.swift; path = "../../../../../System/Volumes/Data/Users/willbrandin/TopSpin/TopSpin WatchKit Extension/Model/Player.swift"; sourceTree = "<group>"; };
		D257915423317D97001946DA /* Info.plist */ = {isa = PBXFileReference; lastKnownFileType = text.plist.xml; path = Info.plist; sourceTree = "<group>"; };
		D262D91A232D793D0092E105 /* SignInWithAppleButton.swift */ = {isa = PBXFileReference; lastKnownFileType = sourcecode.swift; path = SignInWithAppleButton.swift; sourceTree = "<group>"; };
		D2856FD6230C9515008D8450 /* Date+Formatter.swift */ = {isa = PBXFileReference; lastKnownFileType = sourcecode.swift; path = "Date+Formatter.swift"; sourceTree = "<group>"; };
		D2856FDD230CDE83008D8450 /* ActiveMatchScoreView.swift */ = {isa = PBXFileReference; lastKnownFileType = sourcecode.swift; path = ActiveMatchScoreView.swift; sourceTree = "<group>"; };
		D2921AAE2315655400985631 /* WorkoutHeartView.swift */ = {isa = PBXFileReference; lastKnownFileType = sourcecode.swift; path = WorkoutHeartView.swift; sourceTree = "<group>"; };
		D2966F93233AC377005AE7C1 /* SettingsView.swift */ = {isa = PBXFileReference; lastKnownFileType = sourcecode.swift; path = SettingsView.swift; sourceTree = "<group>"; };
		D2966F9B233AEA51005AE7C1 /* SettingsHostingController.swift */ = {isa = PBXFileReference; lastKnownFileType = sourcecode.swift; path = SettingsHostingController.swift; sourceTree = "<group>"; };
		D29FE9562333B77400327FE3 /* en */ = {isa = PBXFileReference; lastKnownFileType = text.plist.strings; name = en; path = en.lproj/Localizable.strings; sourceTree = "<group>"; };
		D29FE9592333BAAB00327FE3 /* Constants.swift */ = {isa = PBXFileReference; lastKnownFileType = sourcecode.swift; path = Constants.swift; sourceTree = "<group>"; };
		D29FE95B2333BEA800327FE3 /* StringConstants.swift */ = {isa = PBXFileReference; lastKnownFileType = sourcecode.swift; path = StringConstants.swift; sourceTree = "<group>"; };
		D29FE95D2333BED400327FE3 /* LocalizationKeys.swift */ = {isa = PBXFileReference; lastKnownFileType = sourcecode.swift; path = LocalizationKeys.swift; sourceTree = "<group>"; };
		D2A23BAB230EC56700A5ABC8 /* ScoreboardView.swift */ = {isa = PBXFileReference; lastKnownFileType = sourcecode.swift; path = ScoreboardView.swift; sourceTree = "<group>"; };
		D2A4D1EE22FA09780032019D /* MatchDetailView.swift */ = {isa = PBXFileReference; lastKnownFileType = sourcecode.swift; path = MatchDetailView.swift; sourceTree = "<group>"; };
		D2A4D1F822FB03840032019D /* MatchHistoryDataManager.swift */ = {isa = PBXFileReference; lastKnownFileType = sourcecode.swift; path = MatchHistoryDataManager.swift; sourceTree = "<group>"; };
		D2A7DC7A231857A200150A98 /* String+Validator.swift */ = {isa = PBXFileReference; lastKnownFileType = sourcecode.swift; path = "String+Validator.swift"; sourceTree = "<group>"; };
		D2A7DC7C23185B8900150A98 /* SignUpDataManager.swift */ = {isa = PBXFileReference; lastKnownFileType = sourcecode.swift; path = SignUpDataManager.swift; sourceTree = "<group>"; };
		D2A7DC8B2318701F00150A98 /* TopSpinApi.swift */ = {isa = PBXFileReference; lastKnownFileType = sourcecode.swift; path = TopSpinApi.swift; sourceTree = "<group>"; };
		D2A7DCD1231871E700150A98 /* RocketNetworking.xcodeproj */ = {isa = PBXFileReference; lastKnownFileType = "wrapper.pb-project"; name = RocketNetworking.xcodeproj; path = ../RocketNetworking/RocketNetworking.xcodeproj; sourceTree = "<group>"; };
		D2A7DCF0231872DE00150A98 /* User.swift */ = {isa = PBXFileReference; lastKnownFileType = sourcecode.swift; path = User.swift; sourceTree = "<group>"; };
		D2A7DCF22318746B00150A98 /* APIConstants.swift */ = {isa = PBXFileReference; lastKnownFileType = sourcecode.swift; path = APIConstants.swift; sourceTree = "<group>"; };
		D2A7DCF82318767C00150A98 /* BundleUtil.swift */ = {isa = PBXFileReference; lastKnownFileType = sourcecode.swift; path = BundleUtil.swift; sourceTree = "<group>"; };
		D2A7DCFA231876F100150A98 /* ExtensionDelegate+Configuration.swift */ = {isa = PBXFileReference; lastKnownFileType = sourcecode.swift; path = "ExtensionDelegate+Configuration.swift"; sourceTree = "<group>"; };
		D2C2C954231E059100F3CB8E /* Array+Difference.swift */ = {isa = PBXFileReference; lastKnownFileType = sourcecode.swift; path = "Array+Difference.swift"; sourceTree = "<group>"; };
		D2DFC31C22F1C57C00FE96AB /* MatchHistoryHostingController.swift */ = {isa = PBXFileReference; lastKnownFileType = sourcecode.swift; name = MatchHistoryHostingController.swift; path = "../../../../../System/Volumes/Data/Users/willbrandin/TopSpin/TopSpin WatchKit Extension/HostingControllers/MatchHistoryHostingController.swift"; sourceTree = "<group>"; };
		D2DFC31E22F1C6E000FE96AB /* MatchSetupView.swift */ = {isa = PBXFileReference; lastKnownFileType = sourcecode.swift; name = MatchSetupView.swift; path = "../../../../../System/Volumes/Data/Users/willbrandin/TopSpin/TopSpin WatchKit Extension/Views/MatchSetupView.swift"; sourceTree = "<group>"; };
		D2DFC32222F1DA1E00FE96AB /* MatchSetting.swift */ = {isa = PBXFileReference; lastKnownFileType = sourcecode.swift; name = MatchSetting.swift; path = "../../../../../System/Volumes/Data/Users/willbrandin/TopSpin/TopSpin WatchKit Extension/Model/MatchSetting.swift"; sourceTree = "<group>"; };
		D2DFC32B22F1F63B00FE96AB /* SignUpInterfaceController.swift */ = {isa = PBXFileReference; lastKnownFileType = sourcecode.swift; name = SignUpInterfaceController.swift; path = "../../../../../System/Volumes/Data/Users/willbrandin/TopSpin/TopSpin WatchKit Extension/InterfaceControllers/SignUpInterfaceController.swift"; sourceTree = "<group>"; };
		D2DFC32D22F1F6CE00FE96AB /* TopSpin WatchKit Extension.entitlements */ = {isa = PBXFileReference; lastKnownFileType = text.plist.entitlements; path = "TopSpin WatchKit Extension.entitlements"; sourceTree = "<group>"; };
		D2E1131622F083C900D4D67D /* MatchHistoryView.swift */ = {isa = PBXFileReference; lastKnownFileType = sourcecode.swift; path = MatchHistoryView.swift; sourceTree = "<group>"; };
		D2E1131722F083E500D4D67D /* MatchHistoryListItem.swift */ = {isa = PBXFileReference; lastKnownFileType = sourcecode.swift; name = MatchHistoryListItem.swift; path = "../../../../../System/Volumes/Data/Users/willbrandin/TopSpin/TopSpin WatchKit Extension/Views/MatchHistoryListItem.swift"; sourceTree = "<group>"; };
		D2EB07DF230C7DA400741A95 /* UserDefaultsManager.swift */ = {isa = PBXFileReference; lastKnownFileType = sourcecode.swift; path = UserDefaultsManager.swift; sourceTree = "<group>"; };
		D2EB07E1230C841400741A95 /* SaveMatchDataManager.swift */ = {isa = PBXFileReference; lastKnownFileType = sourcecode.swift; path = SaveMatchDataManager.swift; sourceTree = "<group>"; };
		D2EF3F8022F5F7C600BBF154 /* Rally.xcodeproj */ = {isa = PBXFileReference; lastKnownFileType = "wrapper.pb-project"; name = Rally.xcodeproj; path = ../Rally/Rally.xcodeproj; sourceTree = "<group>"; };
		D2FD220922E8F6CB00D6075D /* TopSpin.app */ = {isa = PBXFileReference; explicitFileType = wrapper.application; includeInIndex = 0; path = TopSpin.app; sourceTree = BUILT_PRODUCTS_DIR; };
		D2FD220D22E8F6CB00D6075D /* TopSpin.app */ = {isa = PBXFileReference; explicitFileType = wrapper.application; includeInIndex = 0; path = TopSpin.app; sourceTree = BUILT_PRODUCTS_DIR; };
		D2FD221322E8F6CB00D6075D /* Base */ = {isa = PBXFileReference; lastKnownFileType = file.storyboard; name = Base; path = Base.lproj/Interface.storyboard; sourceTree = "<group>"; };
		D2FD221522E8F6CF00D6075D /* Assets.xcassets */ = {isa = PBXFileReference; lastKnownFileType = folder.assetcatalog; path = Assets.xcassets; sourceTree = "<group>"; };
		D2FD221722E8F6CF00D6075D /* Info.plist */ = {isa = PBXFileReference; lastKnownFileType = text.plist.xml; path = Info.plist; sourceTree = "<group>"; };
		D2FD221C22E8F6CF00D6075D /* TopSpin Extension.appex */ = {isa = PBXFileReference; explicitFileType = "wrapper.app-extension"; includeInIndex = 0; path = "TopSpin Extension.appex"; sourceTree = BUILT_PRODUCTS_DIR; };
		D2FD222122E8F6CF00D6075D /* ActiveGameView.swift */ = {isa = PBXFileReference; lastKnownFileType = sourcecode.swift; path = ActiveGameView.swift; sourceTree = "<group>"; };
		D2FD222322E8F6CF00D6075D /* ActiveMatchHostingController.swift */ = {isa = PBXFileReference; lastKnownFileType = sourcecode.swift; path = ActiveMatchHostingController.swift; sourceTree = "<group>"; };
		D2FD222522E8F6CF00D6075D /* ExtensionDelegate.swift */ = {isa = PBXFileReference; lastKnownFileType = sourcecode.swift; path = ExtensionDelegate.swift; sourceTree = "<group>"; };
		D2FD222722E8F6CF00D6075D /* ComplicationController.swift */ = {isa = PBXFileReference; lastKnownFileType = sourcecode.swift; path = ComplicationController.swift; sourceTree = "<group>"; };
		D2FD222922E8F6D000D6075D /* Assets.xcassets */ = {isa = PBXFileReference; lastKnownFileType = folder.assetcatalog; path = Assets.xcassets; sourceTree = "<group>"; };
		D2FD222C22E8F6D000D6075D /* Preview Assets.xcassets */ = {isa = PBXFileReference; lastKnownFileType = folder.assetcatalog; path = "Preview Assets.xcassets"; sourceTree = "<group>"; };
		D2FD222E22E8F6D000D6075D /* Info.plist */ = {isa = PBXFileReference; lastKnownFileType = text.plist.xml; path = Info.plist; sourceTree = "<group>"; };
/* End PBXFileReference section */

/* Begin PBXFrameworksBuildPhase section */
		D2FD221922E8F6CF00D6075D /* Frameworks */ = {
			isa = PBXFrameworksBuildPhase;
			buildActionMask = 2147483647;
			files = (
				D234EE5A2311F72C00935C66 /* HealthKit.framework in Frameworks */,
				D2A7DD012318790800150A98 /* RallyWatch.framework in Frameworks */,
				D2A7DD042318790B00150A98 /* RocketWatch.framework in Frameworks */,
			);
			runOnlyForDeploymentPostprocessing = 0;
		};
/* End PBXFrameworksBuildPhase section */

/* Begin PBXGroup section */
		D241D0B022EB39DB001C4AC8 /* Model */ = {
			isa = PBXGroup;
			children = (
				D241D0B122EB39FB001C4AC8 /* Match.swift */,
				D241D0B322EB3A65001C4AC8 /* Player.swift */,
				D2DFC32222F1DA1E00FE96AB /* MatchSetting.swift */,
				D234EE6423131EAE00935C66 /* WorkoutSession.swift */,
				D2A7DCF0231872DE00150A98 /* User.swift */,
			);
			path = Model;
			sourceTree = "<group>";
		};
		D29FE9522333B6E900327FE3 /* Localizations */ = {
			isa = PBXGroup;
			children = (
				D29FE9572333B77400327FE3 /* Localizable.strings */,
				D29FE9592333BAAB00327FE3 /* Constants.swift */,
				D29FE95D2333BED400327FE3 /* LocalizationKeys.swift */,
				D29FE95B2333BEA800327FE3 /* StringConstants.swift */,
			);
			path = Localizations;
			sourceTree = "<group>";
		};
		D2A4D1F422FB035B0032019D /* Networking */ = {
			isa = PBXGroup;
			children = (
				D2A4D1F822FB03840032019D /* MatchHistoryDataManager.swift */,
				D2EB07E1230C841400741A95 /* SaveMatchDataManager.swift */,
				D2A7DC7C23185B8900150A98 /* SignUpDataManager.swift */,
				D2A7DC8B2318701F00150A98 /* TopSpinApi.swift */,
				D2A7DCF22318746B00150A98 /* APIConstants.swift */,
				D20681C8233BC9A0003BCBC9 /* MatchSettingsDataManager.swift */,
				D20681CA233BECE3003BCBC9 /* HomeDataManager.swift */,
			);
			path = Networking;
			sourceTree = "<group>";
		};
		D2A7DCD2231871E700150A98 /* Products */ = {
			isa = PBXGroup;
			children = (
				D2A7DCD8231871E700150A98 /* RocketNetworking.framework */,
				D2A7DCDA231871E700150A98 /* RocketNetworkingTests.xctest */,
				D2A7DCDC231871E700150A98 /* RocketWatch.framework */,
			);
			name = Products;
			sourceTree = "<group>";
		};
		D2DFC31B22F1C51700FE96AB /* HostingControllers */ = {
			isa = PBXGroup;
			children = (
				D2DFC31C22F1C57C00FE96AB /* MatchHistoryHostingController.swift */,
				D2FD222322E8F6CF00D6075D /* ActiveMatchHostingController.swift */,
				D234EE602313158900935C66 /* ActiveWorkoutHostingController.swift */,
				D2088BE62318365400C99619 /* LandingHostingController.swift */,
				D2966F9B233AEA51005AE7C1 /* SettingsHostingController.swift */,
				D20681BE233AEB23003BCBC9 /* HomeHostingController.swift */,
			);
			path = HostingControllers;
			sourceTree = "<group>";
		};
		D2DFC32622F1F3A200FE96AB /* InterfaceControllers */ = {
			isa = PBXGroup;
			children = (
				D2DFC32B22F1F63B00FE96AB /* SignUpInterfaceController.swift */,
			);
			path = InterfaceControllers;
			sourceTree = "<group>";
		};
		D2E1131522F083C400D4D67D /* Views */ = {
			isa = PBXGroup;
			children = (
				D2FD222122E8F6CF00D6075D /* ActiveGameView.swift */,
				D2E1131622F083C900D4D67D /* MatchHistoryView.swift */,
				D2E1131722F083E500D4D67D /* MatchHistoryListItem.swift */,
				D2A4D1EE22FA09780032019D /* MatchDetailView.swift */,
				D2856FDD230CDE83008D8450 /* ActiveMatchScoreView.swift */,
				D2A23BAB230EC56700A5ABC8 /* ScoreboardView.swift */,
				D234EE5E2312E3BF00935C66 /* ActiveWorkoutView.swift */,
				D2921AAE2315655400985631 /* WorkoutHeartView.swift */,
				D2088BE123182FA100C99619 /* LandingView.swift */,
				D23A429C2318B1C1008D1D61 /* LoadingView.swift */,
				D23A429E2318B410008D1D61 /* Loader.swift */,
				D262D91A232D793D0092E105 /* SignInWithAppleButton.swift */,
				D2DFC31E22F1C6E000FE96AB /* MatchSetupView.swift */,
				D2966F93233AC377005AE7C1 /* SettingsView.swift */,
				D20681C6233AEBC1003BCBC9 /* HomeView.swift */,
			);
			path = Views;
			sourceTree = "<group>";
		};
		D2EB07DE230C7D8D00741A95 /* Utility */ = {
			isa = PBXGroup;
			children = (
				D2EB07DF230C7DA400741A95 /* UserDefaultsManager.swift */,
				D2856FD6230C9515008D8450 /* Date+Formatter.swift */,
				D234EE6223131C9900935C66 /* WorkoutManager.swift */,
				D2A7DC7A231857A200150A98 /* String+Validator.swift */,
				D2A7DCF82318767C00150A98 /* BundleUtil.swift */,
				D2C2C954231E059100F3CB8E /* Array+Difference.swift */,
			);
			path = Utility;
			sourceTree = "<group>";
		};
		D2EF3F8122F5F7C600BBF154 /* Products */ = {
			isa = PBXGroup;
			children = (
				D2EF3F8722F5F7C600BBF154 /* Rally.framework */,
				D2EF3F8922F5F7C600BBF154 /* RallyTests.xctest */,
				D2EF3F8B22F5F7C600BBF154 /* RallyWatch.framework */,
			);
			name = Products;
			sourceTree = "<group>";
		};
		D2EF3F8C22F5F7D000BBF154 /* Frameworks */ = {
			isa = PBXGroup;
			children = (
				D234EE592311F72C00935C66 /* HealthKit.framework */,
			);
			name = Frameworks;
			sourceTree = "<group>";
		};
		D2FD220222E8F6CB00D6075D = {
			isa = PBXGroup;
			children = (
				D257915423317D97001946DA /* Info.plist */,
				D2A7DCD1231871E700150A98 /* RocketNetworking.xcodeproj */,
				D2EF3F8022F5F7C600BBF154 /* Rally.xcodeproj */,
				D2FD221122E8F6CB00D6075D /* TopSpin WatchKit App */,
				D2FD222022E8F6CF00D6075D /* TopSpin WatchKit Extension */,
				D2FD220A22E8F6CB00D6075D /* Products */,
				D2EF3F8C22F5F7D000BBF154 /* Frameworks */,
			);
			sourceTree = "<group>";
		};
		D2FD220A22E8F6CB00D6075D /* Products */ = {
			isa = PBXGroup;
			children = (
				D2FD220922E8F6CB00D6075D /* TopSpin.app */,
				D2FD220D22E8F6CB00D6075D /* TopSpin.app */,
				D2FD221C22E8F6CF00D6075D /* TopSpin Extension.appex */,
			);
			name = Products;
			sourceTree = "<group>";
		};
		D2FD221122E8F6CB00D6075D /* TopSpin WatchKit App */ = {
			isa = PBXGroup;
			children = (
				D2FD221222E8F6CB00D6075D /* Interface.storyboard */,
				D2FD221522E8F6CF00D6075D /* Assets.xcassets */,
				D2FD221722E8F6CF00D6075D /* Info.plist */,
			);
			path = "TopSpin WatchKit App";
			sourceTree = "<group>";
		};
		D2FD222022E8F6CF00D6075D /* TopSpin WatchKit Extension */ = {
			isa = PBXGroup;
			children = (
				D29FE9522333B6E900327FE3 /* Localizations */,
				D2DFC32D22F1F6CE00FE96AB /* TopSpin WatchKit Extension.entitlements */,
				D2A4D1F422FB035B0032019D /* Networking */,
				D2DFC32622F1F3A200FE96AB /* InterfaceControllers */,
				D2DFC31B22F1C51700FE96AB /* HostingControllers */,
				D2E1131522F083C400D4D67D /* Views */,
				D2EB07DE230C7D8D00741A95 /* Utility */,
				D241D0B022EB39DB001C4AC8 /* Model */,
				D2FD222522E8F6CF00D6075D /* ExtensionDelegate.swift */,
				D2A7DCFA231876F100150A98 /* ExtensionDelegate+Configuration.swift */,
				D2FD222722E8F6CF00D6075D /* ComplicationController.swift */,
				D2FD222922E8F6D000D6075D /* Assets.xcassets */,
				D2FD222E22E8F6D000D6075D /* Info.plist */,
				D2FD222B22E8F6D000D6075D /* Preview Content */,
			);
			path = "TopSpin WatchKit Extension";
			sourceTree = "<group>";
		};
		D2FD222B22E8F6D000D6075D /* Preview Content */ = {
			isa = PBXGroup;
			children = (
				D2FD222C22E8F6D000D6075D /* Preview Assets.xcassets */,
			);
			path = "Preview Content";
			sourceTree = "<group>";
		};
/* End PBXGroup section */

/* Begin PBXNativeTarget section */
		D2FD220822E8F6CB00D6075D /* TopSpin */ = {
			isa = PBXNativeTarget;
			buildConfigurationList = D2FD223922E8F6D000D6075D /* Build configuration list for PBXNativeTarget "TopSpin" */;
			buildPhases = (
				D2FD220722E8F6CB00D6075D /* Resources */,
				D2FD223822E8F6D000D6075D /* Embed Watch Content */,
			);
			buildRules = (
			);
			dependencies = (
				D2FD221022E8F6CB00D6075D /* PBXTargetDependency */,
			);
			name = TopSpin;
			productName = TopSpin;
			productReference = D2FD220922E8F6CB00D6075D /* TopSpin.app */;
			productType = "com.apple.product-type.application.watchapp2-container";
		};
		D2FD220C22E8F6CB00D6075D /* TopSpin WatchKit App */ = {
			isa = PBXNativeTarget;
			buildConfigurationList = D2FD223522E8F6D000D6075D /* Build configuration list for PBXNativeTarget "TopSpin WatchKit App" */;
			buildPhases = (
				D2FD220B22E8F6CB00D6075D /* Resources */,
				D2FD223422E8F6D000D6075D /* Embed App Extensions */,
			);
			buildRules = (
			);
			dependencies = (
				D2FD221F22E8F6CF00D6075D /* PBXTargetDependency */,
			);
			name = "TopSpin WatchKit App";
			productName = "TopSpin WatchKit App";
			productReference = D2FD220D22E8F6CB00D6075D /* TopSpin.app */;
			productType = "com.apple.product-type.application.watchapp2";
		};
		D2FD221B22E8F6CF00D6075D /* TopSpin WatchKit Extension */ = {
			isa = PBXNativeTarget;
			buildConfigurationList = D2FD223122E8F6D000D6075D /* Build configuration list for PBXNativeTarget "TopSpin WatchKit Extension" */;
			buildPhases = (
				D2FD221822E8F6CF00D6075D /* Sources */,
				D2FD221922E8F6CF00D6075D /* Frameworks */,
				D2FD221A22E8F6CF00D6075D /* Resources */,
				D2A7DD032318790800150A98 /* Embed Frameworks */,
			);
			buildRules = (
			);
			dependencies = (
			);
			name = "TopSpin WatchKit Extension";
			productName = "TopSpin WatchKit Extension";
			productReference = D2FD221C22E8F6CF00D6075D /* TopSpin Extension.appex */;
			productType = "com.apple.product-type.watchkit2-extension";
		};
/* End PBXNativeTarget section */

/* Begin PBXProject section */
		D2FD220322E8F6CB00D6075D /* Project object */ = {
			isa = PBXProject;
			attributes = {
				LastSwiftUpdateCheck = 1100;
				LastUpgradeCheck = 1100;
				TargetAttributes = {
					D2FD220822E8F6CB00D6075D = {
						CreatedOnToolsVersion = 11.0;
					};
					D2FD220C22E8F6CB00D6075D = {
						CreatedOnToolsVersion = 11.0;
					};
					D2FD221B22E8F6CF00D6075D = {
						CreatedOnToolsVersion = 11.0;
					};
				};
			};
			buildConfigurationList = D2FD220622E8F6CB00D6075D /* Build configuration list for PBXProject "TopSpin" */;
			compatibilityVersion = "Xcode 9.3";
			developmentRegion = en;
			hasScannedForEncodings = 0;
			knownRegions = (
				en,
				Base,
				"zh-Hans",
				de,
			);
			mainGroup = D2FD220222E8F6CB00D6075D;
			productRefGroup = D2FD220A22E8F6CB00D6075D /* Products */;
			projectDirPath = "";
			projectReferences = (
				{
					ProductGroup = D2EF3F8122F5F7C600BBF154 /* Products */;
					ProjectRef = D2EF3F8022F5F7C600BBF154 /* Rally.xcodeproj */;
				},
				{
					ProductGroup = D2A7DCD2231871E700150A98 /* Products */;
					ProjectRef = D2A7DCD1231871E700150A98 /* RocketNetworking.xcodeproj */;
				},
			);
			projectRoot = "";
			targets = (
				D2FD220822E8F6CB00D6075D /* TopSpin */,
				D2FD220C22E8F6CB00D6075D /* TopSpin WatchKit App */,
				D2FD221B22E8F6CF00D6075D /* TopSpin WatchKit Extension */,
			);
		};
/* End PBXProject section */

/* Begin PBXReferenceProxy section */
		D2A7DCD8231871E700150A98 /* RocketNetworking.framework */ = {
			isa = PBXReferenceProxy;
			fileType = wrapper.framework;
			path = RocketNetworking.framework;
			remoteRef = D2A7DCD7231871E700150A98 /* PBXContainerItemProxy */;
			sourceTree = BUILT_PRODUCTS_DIR;
		};
		D2A7DCDA231871E700150A98 /* RocketNetworkingTests.xctest */ = {
			isa = PBXReferenceProxy;
			fileType = wrapper.cfbundle;
			path = RocketNetworkingTests.xctest;
			remoteRef = D2A7DCD9231871E700150A98 /* PBXContainerItemProxy */;
			sourceTree = BUILT_PRODUCTS_DIR;
		};
		D2A7DCDC231871E700150A98 /* RocketWatch.framework */ = {
			isa = PBXReferenceProxy;
			fileType = wrapper.framework;
			path = RocketWatch.framework;
			remoteRef = D2A7DCDB231871E700150A98 /* PBXContainerItemProxy */;
			sourceTree = BUILT_PRODUCTS_DIR;
		};
		D2EF3F8722F5F7C600BBF154 /* Rally.framework */ = {
			isa = PBXReferenceProxy;
			fileType = wrapper.framework;
			path = Rally.framework;
			remoteRef = D2EF3F8622F5F7C600BBF154 /* PBXContainerItemProxy */;
			sourceTree = BUILT_PRODUCTS_DIR;
		};
		D2EF3F8922F5F7C600BBF154 /* RallyTests.xctest */ = {
			isa = PBXReferenceProxy;
			fileType = wrapper.cfbundle;
			path = RallyTests.xctest;
			remoteRef = D2EF3F8822F5F7C600BBF154 /* PBXContainerItemProxy */;
			sourceTree = BUILT_PRODUCTS_DIR;
		};
		D2EF3F8B22F5F7C600BBF154 /* RallyWatch.framework */ = {
			isa = PBXReferenceProxy;
			fileType = wrapper.framework;
			path = RallyWatch.framework;
			remoteRef = D2EF3F8A22F5F7C600BBF154 /* PBXContainerItemProxy */;
			sourceTree = BUILT_PRODUCTS_DIR;
		};
/* End PBXReferenceProxy section */

/* Begin PBXResourcesBuildPhase section */
		D2FD220722E8F6CB00D6075D /* Resources */ = {
			isa = PBXResourcesBuildPhase;
			buildActionMask = 2147483647;
			files = (
			);
			runOnlyForDeploymentPostprocessing = 0;
		};
		D2FD220B22E8F6CB00D6075D /* Resources */ = {
			isa = PBXResourcesBuildPhase;
			buildActionMask = 2147483647;
			files = (
				D2AD142D232AB25E007B765F /* Interface.storyboard in Resources */,
				D21C80152333D71F00CC871B /* Localizable.strings in Resources */,
				D2FD221622E8F6CF00D6075D /* Assets.xcassets in Resources */,
			);
			runOnlyForDeploymentPostprocessing = 0;
		};
		D2FD221A22E8F6CF00D6075D /* Resources */ = {
			isa = PBXResourcesBuildPhase;
			buildActionMask = 2147483647;
			files = (
				D2FD222D22E8F6D000D6075D /* Preview Assets.xcassets in Resources */,
				D29FE9552333B77400327FE3 /* Localizable.strings in Resources */,
				D2AD1426232AB03B007B765F /* Interface.storyboard in Resources */,
				D2FD222A22E8F6D000D6075D /* Assets.xcassets in Resources */,
			);
			runOnlyForDeploymentPostprocessing = 0;
		};
/* End PBXResourcesBuildPhase section */

/* Begin PBXSourcesBuildPhase section */
		D2FD221822E8F6CF00D6075D /* Sources */ = {
			isa = PBXSourcesBuildPhase;
			buildActionMask = 2147483647;
			files = (
				D20681CB233BECE3003BCBC9 /* HomeDataManager.swift in Sources */,
				D2DFC31F22F1C6E000FE96AB /* MatchSetupView.swift in Sources */,
				D2A7DCF92318767C00150A98 /* BundleUtil.swift in Sources */,
				D2FD222422E8F6CF00D6075D /* ActiveMatchHostingController.swift in Sources */,
				D234EE6323131C9900935C66 /* WorkoutManager.swift in Sources */,
				D234EE5F2312E3BF00935C66 /* ActiveWorkoutView.swift in Sources */,
				D2A7DCF1231872DE00150A98 /* User.swift in Sources */,
				D241D0B222EB39FB001C4AC8 /* Match.swift in Sources */,
				D2921AAF2315655400985631 /* WorkoutHeartView.swift in Sources */,
				D2C2C955231E059100F3CB8E /* Array+Difference.swift in Sources */,
				D2E1131922F0849900D4D67D /* MatchHistoryView.swift in Sources */,
				D2DFC32322F1DA1E00FE96AB /* MatchSetting.swift in Sources */,
				D2FD222822E8F6CF00D6075D /* ComplicationController.swift in Sources */,
				D2A7DC7B231857A200150A98 /* String+Validator.swift in Sources */,
				D2EB07E0230C7DA400741A95 /* UserDefaultsManager.swift in Sources */,
				D2A7DC8C2318701F00150A98 /* TopSpinApi.swift in Sources */,
				D2088BE72318365400C99619 /* LandingHostingController.swift in Sources */,
				D241D0B422EB3A65001C4AC8 /* Player.swift in Sources */,
				D20681C7233AEBC1003BCBC9 /* HomeView.swift in Sources */,
				D29FE95E2333BED400327FE3 /* LocalizationKeys.swift in Sources */,
				D23A429D2318B1C1008D1D61 /* LoadingView.swift in Sources */,
				D2DFC32C22F1F63B00FE96AB /* SignUpInterfaceController.swift in Sources */,
				D2966F94233AC377005AE7C1 /* SettingsView.swift in Sources */,
				D29FE95A2333BAAB00327FE3 /* Constants.swift in Sources */,
				D20681BF233AEB23003BCBC9 /* HomeHostingController.swift in Sources */,
				D2FD222222E8F6CF00D6075D /* ActiveGameView.swift in Sources */,
				D2966F9C233AEA51005AE7C1 /* SettingsHostingController.swift in Sources */,
				D2088BE223182FA100C99619 /* LandingView.swift in Sources */,
				D2FD222622E8F6CF00D6075D /* ExtensionDelegate.swift in Sources */,
				D234EE6523131EAE00935C66 /* WorkoutSession.swift in Sources */,
				D2A7DCFB231876F100150A98 /* ExtensionDelegate+Configuration.swift in Sources */,
				D2E1131822F083E500D4D67D /* MatchHistoryListItem.swift in Sources */,
				D262D91B232D793D0092E105 /* SignInWithAppleButton.swift in Sources */,
				D29FE95C2333BEA800327FE3 /* StringConstants.swift in Sources */,
				D2856FDE230CDE83008D8450 /* ActiveMatchScoreView.swift in Sources */,
				D2A7DCF32318746B00150A98 /* APIConstants.swift in Sources */,
				D2A23BAC230EC56700A5ABC8 /* ScoreboardView.swift in Sources */,
				D2A4D1F922FB03840032019D /* MatchHistoryDataManager.swift in Sources */,
				D2DFC31D22F1C57C00FE96AB /* MatchHistoryHostingController.swift in Sources */,
				D2A4D1EF22FA09780032019D /* MatchDetailView.swift in Sources */,
				D2856FD7230C9515008D8450 /* Date+Formatter.swift in Sources */,
				D20681C9233BC9A0003BCBC9 /* MatchSettingsDataManager.swift in Sources */,
				D2A7DC7D23185B8900150A98 /* SignUpDataManager.swift in Sources */,
				D23A429F2318B410008D1D61 /* Loader.swift in Sources */,
				D234EE612313158900935C66 /* ActiveWorkoutHostingController.swift in Sources */,
				D2EB07E2230C841400741A95 /* SaveMatchDataManager.swift in Sources */,
			);
			runOnlyForDeploymentPostprocessing = 0;
		};
/* End PBXSourcesBuildPhase section */

/* Begin PBXTargetDependency section */
		D2FD221022E8F6CB00D6075D /* PBXTargetDependency */ = {
			isa = PBXTargetDependency;
			target = D2FD220C22E8F6CB00D6075D /* TopSpin WatchKit App */;
			targetProxy = D2FD220F22E8F6CB00D6075D /* PBXContainerItemProxy */;
		};
		D2FD221F22E8F6CF00D6075D /* PBXTargetDependency */ = {
			isa = PBXTargetDependency;
			target = D2FD221B22E8F6CF00D6075D /* TopSpin WatchKit Extension */;
			targetProxy = D2FD221E22E8F6CF00D6075D /* PBXContainerItemProxy */;
		};
/* End PBXTargetDependency section */

/* Begin PBXVariantGroup section */
		D29FE9572333B77400327FE3 /* Localizable.strings */ = {
			isa = PBXVariantGroup;
			children = (
				D29FE9562333B77400327FE3 /* en */,
				D21C80172333DA1900CC871B /* zh-Hans */,
				D21C801D2333DE7900CC871B /* de */,
			);
			name = Localizable.strings;
			sourceTree = "<group>";
		};
		D2FD221222E8F6CB00D6075D /* Interface.storyboard */ = {
			isa = PBXVariantGroup;
			children = (
				D2FD221322E8F6CB00D6075D /* Base */,
				D21C801A2333DA9700CC871B /* zh-Hans */,
				D21C801B2333DAC100CC871B /* en */,
				D21C801C2333DE7900CC871B /* de */,
			);
			name = Interface.storyboard;
			sourceTree = "<group>";
		};
/* End PBXVariantGroup section */

/* Begin XCBuildConfiguration section */
		D2FD222F22E8F6D000D6075D /* Debug */ = {
			isa = XCBuildConfiguration;
			buildSettings = {
				ALWAYS_SEARCH_USER_PATHS = NO;
				CLANG_ANALYZER_LOCALIZABILITY_NONLOCALIZED = YES;
				CLANG_ANALYZER_NONNULL = YES;
				CLANG_ANALYZER_NUMBER_OBJECT_CONVERSION = YES_AGGRESSIVE;
				CLANG_CXX_LANGUAGE_STANDARD = "gnu++14";
				CLANG_CXX_LIBRARY = "libc++";
				CLANG_ENABLE_MODULES = YES;
				CLANG_ENABLE_OBJC_ARC = YES;
				CLANG_ENABLE_OBJC_WEAK = YES;
				CLANG_WARN_BLOCK_CAPTURE_AUTORELEASING = YES;
				CLANG_WARN_BOOL_CONVERSION = YES;
				CLANG_WARN_COMMA = YES;
				CLANG_WARN_CONSTANT_CONVERSION = YES;
				CLANG_WARN_DEPRECATED_OBJC_IMPLEMENTATIONS = YES;
				CLANG_WARN_DIRECT_OBJC_ISA_USAGE = YES_ERROR;
				CLANG_WARN_DOCUMENTATION_COMMENTS = YES;
				CLANG_WARN_EMPTY_BODY = YES;
				CLANG_WARN_ENUM_CONVERSION = YES;
				CLANG_WARN_INFINITE_RECURSION = YES;
				CLANG_WARN_INT_CONVERSION = YES;
				CLANG_WARN_NON_LITERAL_NULL_CONVERSION = YES;
				CLANG_WARN_OBJC_IMPLICIT_RETAIN_SELF = YES;
				CLANG_WARN_OBJC_LITERAL_CONVERSION = YES;
				CLANG_WARN_OBJC_ROOT_CLASS = YES_ERROR;
				CLANG_WARN_RANGE_LOOP_ANALYSIS = YES;
				CLANG_WARN_STRICT_PROTOTYPES = YES;
				CLANG_WARN_SUSPICIOUS_MOVE = YES;
				CLANG_WARN_UNGUARDED_AVAILABILITY = YES_AGGRESSIVE;
				CLANG_WARN_UNREACHABLE_CODE = YES;
				CLANG_WARN__DUPLICATE_METHOD_MATCH = YES;
				COPY_PHASE_STRIP = NO;
				DEBUG_INFORMATION_FORMAT = dwarf;
				ENABLE_STRICT_OBJC_MSGSEND = YES;
				ENABLE_TESTABILITY = YES;
				FRAMEWORK_SEARCH_PATHS = "";
				GCC_C_LANGUAGE_STANDARD = gnu11;
				GCC_DYNAMIC_NO_PIC = NO;
				GCC_NO_COMMON_BLOCKS = YES;
				GCC_OPTIMIZATION_LEVEL = 0;
				GCC_PREPROCESSOR_DEFINITIONS = (
					"DEBUG=1",
					"$(inherited)",
				);
				GCC_WARN_64_TO_32_BIT_CONVERSION = YES;
				GCC_WARN_ABOUT_RETURN_TYPE = YES_ERROR;
				GCC_WARN_UNDECLARED_SELECTOR = YES;
				GCC_WARN_UNINITIALIZED_AUTOS = YES_AGGRESSIVE;
				GCC_WARN_UNUSED_FUNCTION = YES;
				GCC_WARN_UNUSED_VARIABLE = YES;
				MTL_ENABLE_DEBUG_INFO = INCLUDE_SOURCE;
				MTL_FAST_MATH = YES;
				ONLY_ACTIVE_ARCH = YES;
				SDKROOT = iphoneos;
				SWIFT_ACTIVE_COMPILATION_CONDITIONS = DEBUG;
				SWIFT_OPTIMIZATION_LEVEL = "-Onone";
			};
			name = Debug;
		};
		D2FD223022E8F6D000D6075D /* Release */ = {
			isa = XCBuildConfiguration;
			buildSettings = {
				ALWAYS_SEARCH_USER_PATHS = NO;
				CLANG_ANALYZER_LOCALIZABILITY_NONLOCALIZED = YES;
				CLANG_ANALYZER_NONNULL = YES;
				CLANG_ANALYZER_NUMBER_OBJECT_CONVERSION = YES_AGGRESSIVE;
				CLANG_CXX_LANGUAGE_STANDARD = "gnu++14";
				CLANG_CXX_LIBRARY = "libc++";
				CLANG_ENABLE_MODULES = YES;
				CLANG_ENABLE_OBJC_ARC = YES;
				CLANG_ENABLE_OBJC_WEAK = YES;
				CLANG_WARN_BLOCK_CAPTURE_AUTORELEASING = YES;
				CLANG_WARN_BOOL_CONVERSION = YES;
				CLANG_WARN_COMMA = YES;
				CLANG_WARN_CONSTANT_CONVERSION = YES;
				CLANG_WARN_DEPRECATED_OBJC_IMPLEMENTATIONS = YES;
				CLANG_WARN_DIRECT_OBJC_ISA_USAGE = YES_ERROR;
				CLANG_WARN_DOCUMENTATION_COMMENTS = YES;
				CLANG_WARN_EMPTY_BODY = YES;
				CLANG_WARN_ENUM_CONVERSION = YES;
				CLANG_WARN_INFINITE_RECURSION = YES;
				CLANG_WARN_INT_CONVERSION = YES;
				CLANG_WARN_NON_LITERAL_NULL_CONVERSION = YES;
				CLANG_WARN_OBJC_IMPLICIT_RETAIN_SELF = YES;
				CLANG_WARN_OBJC_LITERAL_CONVERSION = YES;
				CLANG_WARN_OBJC_ROOT_CLASS = YES_ERROR;
				CLANG_WARN_RANGE_LOOP_ANALYSIS = YES;
				CLANG_WARN_STRICT_PROTOTYPES = YES;
				CLANG_WARN_SUSPICIOUS_MOVE = YES;
				CLANG_WARN_UNGUARDED_AVAILABILITY = YES_AGGRESSIVE;
				CLANG_WARN_UNREACHABLE_CODE = YES;
				CLANG_WARN__DUPLICATE_METHOD_MATCH = YES;
				COPY_PHASE_STRIP = NO;
				DEBUG_INFORMATION_FORMAT = "dwarf-with-dsym";
				ENABLE_NS_ASSERTIONS = NO;
				ENABLE_STRICT_OBJC_MSGSEND = YES;
				FRAMEWORK_SEARCH_PATHS = "";
				GCC_C_LANGUAGE_STANDARD = gnu11;
				GCC_NO_COMMON_BLOCKS = YES;
				GCC_WARN_64_TO_32_BIT_CONVERSION = YES;
				GCC_WARN_ABOUT_RETURN_TYPE = YES_ERROR;
				GCC_WARN_UNDECLARED_SELECTOR = YES;
				GCC_WARN_UNINITIALIZED_AUTOS = YES_AGGRESSIVE;
				GCC_WARN_UNUSED_FUNCTION = YES;
				GCC_WARN_UNUSED_VARIABLE = YES;
				MTL_ENABLE_DEBUG_INFO = NO;
				MTL_FAST_MATH = YES;
				SDKROOT = iphoneos;
				SWIFT_COMPILATION_MODE = wholemodule;
				SWIFT_OPTIMIZATION_LEVEL = "-O";
				VALIDATE_PRODUCT = YES;
			};
			name = Release;
		};
		D2FD223222E8F6D000D6075D /* Debug */ = {
			isa = XCBuildConfiguration;
			buildSettings = {
				ASSETCATALOG_COMPILER_COMPLICATION_NAME = Complication;
				BUILD_ENVIRONMENT = 3;
				CODE_SIGN_ENTITLEMENTS = "TopSpin WatchKit Extension/TopSpin WatchKit Extension.entitlements";
				CODE_SIGN_STYLE = Automatic;
				CURRENT_PROJECT_VERSION = 10;
				DEVELOPMENT_ASSET_PATHS = "\"TopSpin WatchKit Extension\"/Preview\\ Content";
				DEVELOPMENT_TEAM = 2J9S2B5EZD;
				ENABLE_PREVIEWS = YES;
				INFOPLIST_FILE = "TopSpin WatchKit Extension/Info.plist";
				LD_RUNPATH_SEARCH_PATHS = (
					"$(inherited)",
					"@executable_path/Frameworks",
					"@executable_path/../../Frameworks",
				);
				PRODUCT_BUNDLE_IDENTIFIER = com.willbrandin.TopSpin.watchkitapp.watchkitextension;
				PRODUCT_NAME = "TopSpin Extension";
				SDKROOT = watchos;
				SKIP_INSTALL = YES;
				SWIFT_INSTALL_OBJC_HEADER = NO;
				SWIFT_VERSION = 5.0;
				TARGETED_DEVICE_FAMILY = 4;
				WATCHOS_DEPLOYMENT_TARGET = 6.0;
			};
			name = Debug;
		};
		D2FD223322E8F6D000D6075D /* Release */ = {
			isa = XCBuildConfiguration;
			buildSettings = {
				ASSETCATALOG_COMPILER_COMPLICATION_NAME = Complication;
				BUILD_ENVIRONMENT = 4;
				CODE_SIGN_ENTITLEMENTS = "TopSpin WatchKit Extension/TopSpin WatchKit Extension.entitlements";
				CODE_SIGN_STYLE = Automatic;
				CURRENT_PROJECT_VERSION = 10;
				DEVELOPMENT_ASSET_PATHS = "\"TopSpin WatchKit Extension\"/Preview\\ Content";
				DEVELOPMENT_TEAM = 2J9S2B5EZD;
				ENABLE_PREVIEWS = YES;
				INFOPLIST_FILE = "TopSpin WatchKit Extension/Info.plist";
				LD_RUNPATH_SEARCH_PATHS = (
					"$(inherited)",
					"@executable_path/Frameworks",
					"@executable_path/../../Frameworks",
				);
				PRODUCT_BUNDLE_IDENTIFIER = com.willbrandin.TopSpin.watchkitapp.watchkitextension;
				PRODUCT_NAME = "TopSpin Extension";
				SDKROOT = watchos;
				SKIP_INSTALL = YES;
				SWIFT_INSTALL_OBJC_HEADER = NO;
				SWIFT_VERSION = 5.0;
				TARGETED_DEVICE_FAMILY = 4;
				WATCHOS_DEPLOYMENT_TARGET = 6.0;
			};
			name = Release;
		};
		D2FD223622E8F6D000D6075D /* Debug */ = {
			isa = XCBuildConfiguration;
			buildSettings = {
				ALWAYS_EMBED_SWIFT_STANDARD_LIBRARIES = YES;
				ASSETCATALOG_COMPILER_APPICON_NAME = AppIcon;
				CODE_SIGN_STYLE = Automatic;
				CURRENT_PROJECT_VERSION = 10;
				DEVELOPMENT_TEAM = 2J9S2B5EZD;
				IBSC_MODULE = TopSpin_WatchKit_Extension;
				INFOPLIST_FILE = "TopSpin WatchKit App/Info.plist";
				LD_RUNPATH_SEARCH_PATHS = (
					"$(inherited)",
					"@executable_path/Frameworks",
				);
				PRODUCT_BUNDLE_IDENTIFIER = com.willbrandin.TopSpin.watchkitapp;
				PRODUCT_NAME = TopSpin;
				SDKROOT = watchos;
				SKIP_INSTALL = YES;
				SWIFT_VERSION = 5.0;
				TARGETED_DEVICE_FAMILY = 4;
				WATCHOS_DEPLOYMENT_TARGET = 6.0;
			};
			name = Debug;
		};
		D2FD223722E8F6D000D6075D /* Release */ = {
			isa = XCBuildConfiguration;
			buildSettings = {
				ALWAYS_EMBED_SWIFT_STANDARD_LIBRARIES = YES;
				ASSETCATALOG_COMPILER_APPICON_NAME = AppIcon;
				CODE_SIGN_STYLE = Automatic;
				CURRENT_PROJECT_VERSION = 10;
				DEVELOPMENT_TEAM = 2J9S2B5EZD;
				IBSC_MODULE = TopSpin_WatchKit_Extension;
				INFOPLIST_FILE = "TopSpin WatchKit App/Info.plist";
				LD_RUNPATH_SEARCH_PATHS = (
					"$(inherited)",
					"@executable_path/Frameworks",
				);
				PRODUCT_BUNDLE_IDENTIFIER = com.willbrandin.TopSpin.watchkitapp;
				PRODUCT_NAME = TopSpin;
				SDKROOT = watchos;
				SKIP_INSTALL = YES;
				SWIFT_VERSION = 5.0;
				TARGETED_DEVICE_FAMILY = 4;
				WATCHOS_DEPLOYMENT_TARGET = 6.0;
			};
			name = Release;
		};
		D2FD223A22E8F6D000D6075D /* Debug */ = {
			isa = XCBuildConfiguration;
			buildSettings = {
				CODE_SIGN_IDENTITY = "Apple Development";
				CODE_SIGN_STYLE = Automatic;
				CURRENT_PROJECT_VERSION = 10;
				DEVELOPMENT_TEAM = 2J9S2B5EZD;
				INFOPLIST_FILE = Info.plist;
				MARKETING_VERSION = 1.0;
				PRODUCT_BUNDLE_IDENTIFIER = com.willbrandin.TopSpin;
				PRODUCT_NAME = "$(TARGET_NAME)";
				PROVISIONING_PROFILE_SPECIFIER = "";
				SWIFT_VERSION = 5.0;
			};
			name = Debug;
		};
		D2FD223B22E8F6D000D6075D /* Release */ = {
			isa = XCBuildConfiguration;
			buildSettings = {
				CODE_SIGN_IDENTITY = "Apple Development";
				CODE_SIGN_STYLE = Automatic;
				CURRENT_PROJECT_VERSION = 10;
				DEVELOPMENT_TEAM = 2J9S2B5EZD;
				INFOPLIST_FILE = Info.plist;
				MARKETING_VERSION = 1.0;
				PRODUCT_BUNDLE_IDENTIFIER = com.willbrandin.TopSpin;
				PRODUCT_NAME = "$(TARGET_NAME)";
				PROVISIONING_PROFILE_SPECIFIER = "";
				SWIFT_VERSION = 5.0;
			};
			name = Release;
		};
/* End XCBuildConfiguration section */

/* Begin XCConfigurationList section */
		D2FD220622E8F6CB00D6075D /* Build configuration list for PBXProject "TopSpin" */ = {
			isa = XCConfigurationList;
			buildConfigurations = (
				D2FD222F22E8F6D000D6075D /* Debug */,
				D2FD223022E8F6D000D6075D /* Release */,
			);
			defaultConfigurationIsVisible = 0;
			defaultConfigurationName = Release;
		};
		D2FD223122E8F6D000D6075D /* Build configuration list for PBXNativeTarget "TopSpin WatchKit Extension" */ = {
			isa = XCConfigurationList;
			buildConfigurations = (
				D2FD223222E8F6D000D6075D /* Debug */,
				D2FD223322E8F6D000D6075D /* Release */,
			);
			defaultConfigurationIsVisible = 0;
			defaultConfigurationName = Release;
		};
		D2FD223522E8F6D000D6075D /* Build configuration list for PBXNativeTarget "TopSpin WatchKit App" */ = {
			isa = XCConfigurationList;
			buildConfigurations = (
				D2FD223622E8F6D000D6075D /* Debug */,
				D2FD223722E8F6D000D6075D /* Release */,
			);
			defaultConfigurationIsVisible = 0;
			defaultConfigurationName = Release;
		};
		D2FD223922E8F6D000D6075D /* Build configuration list for PBXNativeTarget "TopSpin" */ = {
			isa = XCConfigurationList;
			buildConfigurations = (
				D2FD223A22E8F6D000D6075D /* Debug */,
				D2FD223B22E8F6D000D6075D /* Release */,
			);
			defaultConfigurationIsVisible = 0;
			defaultConfigurationName = Release;
		};
/* End XCConfigurationList section */
	};
	rootObject = D2FD220322E8F6CB00D6075D /* Project object */;
}
